<?xml version="1.0" encoding="utf-8"?>
<Project ToolsVersion="4.0" xmlns="http://schemas.microsoft.com/developer/msbuild/2003">
  <ItemGroup>
    <Filter Include="Source Files">
      <UniqueIdentifier>{4FC737F1-C7A5-4376-A066-2A32D752A2FF}</UniqueIdentifier>
      <Extensions>cpp;c;cc;cxx;c++;cppm;ixx;def;odl;idl;hpj;bat;asm;asmx</Extensions>
    </Filter>
    <Filter Include="Header Files">
      <UniqueIdentifier>{93995380-89BD-4b04-88EB-625FBE52EBFB}</UniqueIdentifier>
      <Extensions>h;hh;hpp;hxx;h++;hm;inl;inc;ipp;xsd</Extensions>
    </Filter>
    <Filter Include="Resource Files">
      <UniqueIdentifier>{67DA6AB6-F800-4c08-8B7A-83BB121AAD01}</UniqueIdentifier>
      <Extensions>rc;ico;cur;bmp;dlg;rc2;rct;bin;rgs;gif;jpg;jpeg;jpe;resx;tiff;tif;png;wav;mfcribbon-ms</Extensions>
    </Filter>
  </ItemGroup>
  <ItemGroup>
    <ClCompile Include="source\game\game.cpp">
      <Filter>Source Files</Filter>
    </ClCompile>
    <ClCompile Include="source\types.cpp">
      <Filter>Source Files</Filter>
    </ClCompile>
    <ClCompile Include="source\platform\windows.cpp">
      <Filter>Source Files</Filter>
    </ClCompile>
    <ClCompile Include="source\render\api\directx12\renderer.cpp">
      <Filter>Source Files</Filter>
    </ClCompile>
    <ClCompile Include="source\render\camera.cpp">
      <Filter>Source Files</Filter>
    </ClCompile>
    <ClCompile Include="source\reporting\report.cpp">
      <Filter>Source Files</Filter>
    </ClCompile>
    <ClCompile Include="source\scene\object.cpp">
      <Filter>Source Files</Filter>
    </ClCompile>
    <ClCompile Include="source\scene\scene.cpp">
      <Filter>Source Files</Filter>
    </ClCompile>
    <ClCompile Include="source\time\time.cpp">
      <Filter>Source Files</Filter>
    </ClCompile>
    <ClCompile Include="source\render\render.cpp">
      <Filter>Source Files</Filter>
    </ClCompile>
    <ClCompile Include="source\render\texture.cpp">
      <Filter>Source Files</Filter>
    </ClCompile>
    <ClCompile Include="source\render\model.cpp">
      <Filter>Source Files</Filter>
    </ClCompile>
    <ClCompile Include="source\render\material.cpp">
      <Filter>Source Files</Filter>
    </ClCompile>
    <ClCompile Include="source\render\shader.cpp">
      <Filter>Source Files</Filter>
    </ClCompile>
    <ClCompile Include="source\render\imgui_overlay.cpp">
      <Filter>Source Files</Filter>
    </ClCompile>
    <ClCompile Include="source\render\api\directx12\shader_input.cpp">
      <Filter>Source Files</Filter>
    </ClCompile>
    <ClCompile Include="source\render\api\directx12\helpers.cpp">
      <Filter>Source Files</Filter>
    </ClCompile>
    <ClCompile Include="source\render\api\directx12\render_target.cpp">
      <Filter>Source Files</Filter>
    </ClCompile>
    <ClCompile Include="source\render\api\directx12\descriptor_heap.cpp">
      <Filter>Source Files</Filter>
    </ClCompile>
    <ClCompile Include="source\render\api\directx12\constant_buffer.cpp">
      <Filter>Source Files</Filter>
    </ClCompile>
    <ClCompile Include="third_party\imgui-1.91.6\backends\imgui_impl_dx12.cpp">
      <Filter>Source Files</Filter>
    </ClCompile>
    <ClCompile Include="third_party\imgui-1.91.6\backends\imgui_impl_win32.cpp">
      <Filter>Source Files</Filter>
    </ClCompile>
    <ClCompile Include="third_party\imgui-1.91.6\imgui.cpp">
      <Filter>Source Files</Filter>
    </ClCompile>
    <ClCompile Include="third_party\imgui-1.91.6\imgui_demo.cpp">
      <Filter>Source Files</Filter>
    </ClCompile>
    <ClCompile Include="third_party\imgui-1.91.6\imgui_draw.cpp">
      <Filter>Source Files</Filter>
    </ClCompile>
    <ClCompile Include="third_party\imgui-1.91.6\imgui_tables.cpp">
      <Filter>Source Files</Filter>
    </ClCompile>
    <ClCompile Include="third_party\imgui-1.91.6\imgui_widgets.cpp">
      <Filter>Source Files</Filter>
    </ClCompile>
    <ClCompile Include="source\render\constants.cpp">
      <Filter>Source Files</Filter>
    </ClCompile>
    <ClCompile Include="third_party\ImGuizmo\ImGuizmo.cpp">
      <Filter>Source Files</Filter>
    </ClCompile>
    <ClCompile Include="source\render\api\directx12\renderer_rt.cpp">
      <Filter>Source Files</Filter>
    </ClCompile>
    <ClCompile Include="third_party\DXRHelpers\nv_helpers_dx12\BottomLevelASGenerator.cpp">
      <Filter>Source Files</Filter>
    </ClCompile>
    <ClCompile Include="third_party\DXRHelpers\nv_helpers_dx12\RaytracingPipelineGenerator.cpp">
      <Filter>Source Files</Filter>
    </ClCompile>
    <ClCompile Include="third_party\DXRHelpers\nv_helpers_dx12\RootSignatureGenerator.cpp">
      <Filter>Source Files</Filter>
    </ClCompile>
    <ClCompile Include="third_party\DXRHelpers\nv_helpers_dx12\ShaderBindingTableGenerator.cpp">
      <Filter>Source Files</Filter>
    </ClCompile>
    <ClCompile Include="third_party\DXRHelpers\nv_helpers_dx12\TopLevelASGenerator.cpp">
      <Filter>Source Files</Filter>
    </ClCompile>
  </ItemGroup>
  <ItemGroup>
    <ClInclude Include="source\types.h">
      <Filter>Header Files</Filter>
    </ClInclude>
    <ClInclude Include="source\platform\windows.h">
      <Filter>Header Files</Filter>
    </ClInclude>
    <ClInclude Include="source\render\api\directx12\renderer.h">
      <Filter>Header Files</Filter>
    </ClInclude>
    <ClInclude Include="source\render\camera.h">
      <Filter>Header Files</Filter>
    </ClInclude>
    <ClInclude Include="source\reporting\report.h">
      <Filter>Header Files</Filter>
    </ClInclude>
    <ClInclude Include="source\game\game.h">
      <Filter>Header Files</Filter>
    </ClInclude>
    <ClInclude Include="source\scene\object.h">
      <Filter>Header Files</Filter>
    </ClInclude>
    <ClInclude Include="source\scene\scene.h">
      <Filter>Header Files</Filter>
    </ClInclude>
    <ClInclude Include="source\time\time.h">
      <Filter>Header Files</Filter>
    </ClInclude>
    <ClInclude Include="source\render\render.h">
      <Filter>Header Files</Filter>
    </ClInclude>
    <ClInclude Include="source\render\texture.h">
      <Filter>Header Files</Filter>
    </ClInclude>
    <ClInclude Include="source\render\model.h">
      <Filter>Header Files</Filter>
    </ClInclude>
    <ClInclude Include="source\render\material.h">
      <Filter>Header Files</Filter>
    </ClInclude>
    <ClInclude Include="source\render\shader.h">
      <Filter>Header Files</Filter>
    </ClInclude>
    <ClInclude Include="source\render\imgui_overlay.h">
      <Filter>Header Files</Filter>
    </ClInclude>
    <ClInclude Include="source\render\api\directx12\shader_input.h">
      <Filter>Header Files</Filter>
    </ClInclude>
    <ClInclude Include="source\render\api\directx12\helpers.h">
      <Filter>Header Files</Filter>
    </ClInclude>
    <ClInclude Include="source\render\api\directx12\constant_buffer.h">
      <Filter>Header Files</Filter>
    </ClInclude>
    <ClInclude Include="source\render\constants.h">
      <Filter>Header Files</Filter>
    </ClInclude>
    <ClInclude Include="source\render\api\directx12\render_target.h">
      <Filter>Header Files</Filter>
    </ClInclude>
    <ClInclude Include="source\render\api\directx12\descriptor_heap.h">
      <Filter>Header Files</Filter>
    </ClInclude>
    <ClInclude Include="third_party\imgui-1.91.6\backends\imgui_impl_dx12.h">
      <Filter>Header Files</Filter>
    </ClInclude>
    <ClInclude Include="third_party\imgui-1.91.6\backends\imgui_impl_win32.h">
      <Filter>Header Files</Filter>
    </ClInclude>
    <ClInclude Include="third_party\imgui-1.91.6\imconfig.h">
      <Filter>Header Files</Filter>
    </ClInclude>
    <ClInclude Include="third_party\imgui-1.91.6\imgui.h">
      <Filter>Header Files</Filter>
    </ClInclude>
    <ClInclude Include="third_party\imgui-1.91.6\imgui_internal.h">
      <Filter>Header Files</Filter>
    </ClInclude>
    <ClInclude Include="third_party\imgui-1.91.6\imstb_rectpack.h">
      <Filter>Header Files</Filter>
    </ClInclude>
    <ClInclude Include="third_party\imgui-1.91.6\imstb_textedit.h">
      <Filter>Header Files</Filter>
    </ClInclude>
    <ClInclude Include="third_party\imgui-1.91.6\imstb_truetype.h">
      <Filter>Header Files</Filter>
    </ClInclude>
    <ClInclude Include="third_party\ImGuizmo\ImGuizmo.h">
      <Filter>Header Files</Filter>
    </ClInclude>
    <ClInclude Include="third_party\DXRHelpers\nv_helpers_dx12\BottomLevelASGenerator.h">
      <Filter>Header Files</Filter>
    </ClInclude>
    <ClInclude Include="third_party\DXRHelpers\nv_helpers_dx12\RaytracingPipelineGenerator.h">
      <Filter>Header Files</Filter>
    </ClInclude>
    <ClInclude Include="third_party\DXRHelpers\nv_helpers_dx12\RootSignatureGenerator.h">
      <Filter>Header Files</Filter>
    </ClInclude>
    <ClInclude Include="third_party\DXRHelpers\nv_helpers_dx12\ShaderBindingTableGenerator.h">
      <Filter>Header Files</Filter>
    </ClInclude>
    <ClInclude Include="third_party\DXRHelpers\nv_helpers_dx12\TopLevelASGenerator.h">
      <Filter>Header Files</Filter>
    </ClInclude>
    <ClInclude Include="third_party\DXRHelpers\DXRHelper.h">
      <Filter>Header Files</Filter>
    </ClInclude>
    <ClInclude Include="third_party\DXRHelpers\DXSampleHelper.h">
      <Filter>Header Files</Filter>
    </ClInclude>
  </ItemGroup>
  <ItemGroup>
    <CopyFileToFolders Include="assets\shaders\constants.hlsl" />
    <CopyFileToFolders Include="assets\shaders\gaussian_blur.hlsl" />
    <CopyFileToFolders Include="assets\shaders\post_processing.hlsl" />
    <CopyFileToFolders Include="assets\shaders\default_vs.hlsl">
      <Filter>Source Files</Filter>
    </CopyFileToFolders>
    <CopyFileToFolders Include="assets\shaders\deferred.hlsl">
      <Filter>Source Files</Filter>
    </CopyFileToFolders>
    <CopyFileToFolders Include="assets\shaders\screen_quad.hlsl">
      <Filter>Source Files</Filter>
    </CopyFileToFolders>
    <CopyFileToFolders Include="assets\shaders\texcam.hlsl">
      <Filter>Source Files</Filter>
    </CopyFileToFolders>
    <CopyFileToFolders Include="assets\shaders\depth_of_field.hlsl">
      <Filter>Source Files</Filter>
    </CopyFileToFolders>
    <CopyFileToFolders Include="assets\shaders\old_shading.hlsl">
      <Filter>Source Files</Filter>
    </CopyFileToFolders>
    <CopyFileToFolders Include="assets\shaders\lighting.hlsl" />
    <CopyFileToFolders Include="assets\shaders\pbr.hlsl" />
    <CopyFileToFolders Include="assets\shaders\old_lighting.hlsl" />
    <CopyFileToFolders Include="assets\shaders\raytrace\ray_gen.hlsl" />
    <CopyFileToFolders Include="assets\shaders\raytrace\Common.hlsl" />
    <CopyFileToFolders Include="assets\shaders\raytrace\Hit.hlsl" />
    <CopyFileToFolders Include="assets\shaders\raytrace\Miss.hlsl" />
    <CopyFileToFolders Include="assets\shaders\pbr_raster.hlsl" />
  </ItemGroup>
  <ItemGroup>
    <None Include="packages.config" />
  </ItemGroup>
</Project>